
Microsoft Visual Studio Solution File, Format Version 12.00
# Visual Studio Version 17
VisualStudioVersion = 17.10.35027.167
MinimumVisualStudioVersion = 10.0.40219.1
Project("{FAE04EC0-301F-11D3-BF4B-00C04F79EFBC}") = "Assignment_5", "Assignment_5.csproj", "{D668BDB8-08B1-4F83-A675-C62BB8D71321}"
EndProject
Global
	GlobalSection(SolutionConfigurationPlatforms) = preSolution
		Debug|Any CPU = Debug|Any CPU
		Release|Any CPU = Release|Any CPU
	EndGlobalSection
	GlobalSection(ProjectConfigurationPlatforms) = postSolution
		{D668BDB8-08B1-4F83-A675-C62BB8D71321}.Debug|Any CPU.ActiveCfg = Debug|Any CPU
		{D668BDB8-08B1-4F83-A675-C62BB8D71321}.Debug|Any CPU.Build.0 = Debug|Any CPU
		{D668BDB8-08B1-4F83-A675-C62BB8D71321}.Release|Any CPU.ActiveCfg = Release|Any CPU
		{D668BDB8-08B1-4F83-A675-C62BB8D71321}.Release|Any CPU.Build.0 = Release|Any CPU
	EndGlobalSection
	GlobalSection(SolutionProperties) = preSolution
		HideSolutionNode = FALSE
	EndGlobalSection
	GlobalSection(ExtensibilityGlobals) = postSolution
		SolutionGuid = {EA711A44-2E67-4E3E-A1BA-B42172AD790D}
	EndGlobalSection
EndGlobal
