
Microsoft Visual Studio Solution File, Format Version 12.00
# Visual Studio Version 17
VisualStudioVersion = 17.10.35013.160
MinimumVisualStudioVersion = 10.0.40219.1
Project("{FAE04EC0-301F-11D3-BF4B-00C04F79EFBC}") = "EventManagementSystem", "EventManagementSystem.csproj", "{5DD20F5F-28FB-4499-B03B-C6198C1BD020}"
EndProject
Global
	GlobalSection(SolutionConfigurationPlatforms) = preSolution
		Debug|Any CPU = Debug|Any CPU
		Release|Any CPU = Release|Any CPU
	EndGlobalSection
	GlobalSection(ProjectConfigurationPlatforms) = postSolution
		{5DD20F5F-28FB-4499-B03B-C6198C1BD020}.Debug|Any CPU.ActiveCfg = Debug|Any CPU
		{5DD20F5F-28FB-4499-B03B-C6198C1BD020}.Debug|Any CPU.Build.0 = Debug|Any CPU
		{5DD20F5F-28FB-4499-B03B-C6198C1BD020}.Release|Any CPU.ActiveCfg = Release|Any CPU
		{5DD20F5F-28FB-4499-B03B-C6198C1BD020}.Release|Any CPU.Build.0 = Release|Any CPU
	EndGlobalSection
	GlobalSection(SolutionProperties) = preSolution
		HideSolutionNode = FALSE
	EndGlobalSection
	GlobalSection(ExtensibilityGlobals) = postSolution
		SolutionGuid = {1C5D8AFE-BF34-40D5-9282-1C14B42E9445}
	EndGlobalSection
EndGlobal
